<?xml version="1.0" encoding="utf-8"?>
<Project ToolsVersion="4.0" xmlns="http://schemas.microsoft.com/developer/msbuild/2003">
  <ItemGroup>
    <FxCompile Include="particle.fx" />
    <FxCompile Include="std.fx" />
    <FxCompile Include="std3d.fx" />
    <FxCompile Include="terrain.fx" />
    <FxCompile Include="tool.fx" />
    <FxCompile Include="value.fx" />
    <FxCompile Include="animation.fx">
      <Filter>FX</Filter>
    </FxCompile>
    <FxCompile Include="BillBoard.fx">
      <Filter>FX</Filter>
    </FxCompile>
    <FxCompile Include="compute.fx">
      <Filter>FX</Filter>
    </FxCompile>
    <FxCompile Include="func.fx">
      <Filter>default</Filter>
    </FxCompile>
    <FxCompile Include="light.fx">
      <Filter>FX</Filter>
    </FxCompile>
  </ItemGroup>
  <ItemGroup>
    <ClCompile Include="InGameScene.cpp" />
    <ClCompile Include="LobbyScene.cpp" />
    <ClCompile Include="MinionScript.cpp" />
    <ClCompile Include="InstancingBuffer.cpp" />
    <ClCompile Include="GameFramework.cpp" />
    <ClCompile Include="GameObject.cpp" />
    <ClCompile Include="InstancingMgr.cpp" />
    <ClCompile Include="KeyMgr.cpp" />
    <ClCompile Include="Layer.cpp" />
    <ClCompile Include="Light2D.cpp" />
    <ClCompile Include="Light3D.cpp" />
    <ClCompile Include="Material.cpp" />
    <ClCompile Include="Mesh.cpp" />
    <ClCompile Include="MeshData.cpp" />
    <ClCompile Include="MeshRender.cpp" />
    <ClCompile Include="MonsterScript.cpp" />
    <ClCompile Include="MRT.cpp" />
    <ClCompile Include="ParticleSystem.cpp" />
    <ClCompile Include="PathMgr.cpp" />
    <ClCompile Include="pch.cpp" />
    <ClCompile Include="PlayerScript.cpp" />
    <ClCompile Include="ProjectileScript.cpp" />
    <ClCompile Include="RenderMgr.cpp" />
    <ClCompile Include="RenderMgrInit.cpp" />
    <ClCompile Include="ResMgr.cpp" />
    <ClCompile Include="Resource.cpp" />
    <ClCompile Include="Scene.cpp" />
    <ClCompile Include="SceneMgr.cpp" />
    <ClCompile Include="Script.cpp" />
    <ClCompile Include="Sensor.cpp" />
    <ClCompile Include="SensorMgr.cpp" />
    <ClCompile Include="Shader.cpp" />
    <ClCompile Include="SimpleMath.cpp" />
    <ClCompile Include="Sound.cpp" />
    <ClCompile Include="SpawnScript.cpp" />
    <ClCompile Include="StructuredBuffer.cpp" />
    <ClCompile Include="Terrain.cpp" />
    <ClCompile Include="Texture.cpp" />
    <ClCompile Include="TimeMgr.cpp" />
    <ClCompile Include="TowerScript.cpp" />
    <ClCompile Include="Transform.cpp" />
    <ClCompile Include="BowScript.cpp">
      <Filter>Script\Bow</Filter>
    </ClCompile>
    <ClCompile Include="CameraScript.cpp">
      <Filter>Script\Camera</Filter>
    </ClCompile>
    <ClCompile Include="ArrowScript.cpp">
      <Filter>Script\Arrow</Filter>
    </ClCompile>
    <ClCompile Include="Animation3D.cpp">
      <Filter>Object\Component\Animation</Filter>
    </ClCompile>
    <ClCompile Include="Animator3D.cpp">
      <Filter>Object\Component\Animation</Filter>
    </ClCompile>
    <ClCompile Include="Component.cpp">
      <Filter>Object\Component</Filter>
    </ClCompile>
    <ClCompile Include="CollisionMgr.cpp">
      <Filter>Mgr</Filter>
    </ClCompile>
    <ClCompile Include="EmptyPlayerScript.cpp">
      <Filter>Script</Filter>
    </ClCompile>
    <ClCompile Include="ConstantBuffer.cpp">
      <Filter>Device</Filter>
    </ClCompile>
    <ClCompile Include="Device.cpp">
      <Filter>Device</Filter>
    </ClCompile>
    <ClCompile Include="desc.cpp">
      <Filter>default</Filter>
    </ClCompile>
    <ClCompile Include="Entity.cpp">
      <Filter>default</Filter>
    </ClCompile>
    <ClCompile Include="EventMgr.cpp">
      <Filter>Mgr</Filter>
    </ClCompile>
    <ClCompile Include="FBXLoader.cpp">
      <Filter>Load</Filter>
    </ClCompile>
    <ClCompile Include="Camera.cpp">
      <Filter>Object\Component\Camera</Filter>
    </ClCompile>
    <ClCompile Include="Frustum.cpp">
      <Filter>Object\Component\Camera</Filter>
    </ClCompile>
    <ClCompile Include="Collider2D.cpp">
      <Filter>Object\Component\Collider</Filter>
    </ClCompile>
    <ClCompile Include="Collider3D.cpp">
      <Filter>Object\Component\Collider</Filter>
    </ClCompile>
    <ClCompile Include="func.cpp">
      <Filter>default</Filter>
    </ClCompile>
    <ClCompile Include="EmptyCameraScript.cpp">
      <Filter>Script\Camera</Filter>
    </ClCompile>
    <ClCompile Include="StaticUI.cpp" />
    <ClCompile Include="CrossHairScript.cpp">
      <Filter>Script</Filter>
    </ClCompile>
  </ItemGroup>
  <ItemGroup>
    <ClInclude Include="InGameScene.h" />
    <ClInclude Include="LobbyScene.h" />
    <ClInclude Include="MinionScript.h" />
    <ClInclude Include="InstancingBuffer.h" />
    <ClInclude Include="GameFramework.h" />
    <ClInclude Include="GameObject.h" />
    <ClInclude Include="global.h" />
    <ClInclude Include="InstancingMgr.h" />
    <ClInclude Include="KeyMgr.h" />
    <ClInclude Include="Layer.h" />
    <ClInclude Include="Light2D.h" />
    <ClInclude Include="Light3D.h" />
    <ClInclude Include="Material.h" />
    <ClInclude Include="Mesh.h" />
    <ClInclude Include="MeshData.h" />
    <ClInclude Include="MeshRender.h" />
    <ClInclude Include="MonsterScript.h" />
    <ClInclude Include="MRT.h" />
    <ClInclude Include="ParticleSystem.h" />
    <ClInclude Include="PathMgr.h" />
    <ClInclude Include="pch.h" />
    <ClInclude Include="PlayerScript.h" />
    <ClInclude Include="ProjectileScript.h" />
    <ClInclude Include="Ptr.h" />
    <ClInclude Include="RenderMgr.h" />
    <ClInclude Include="ResMgr.h" />
    <ClInclude Include="Resource.h" />
    <ClInclude Include="Scene.h" />
    <ClInclude Include="SceneMgr.h" />
    <ClInclude Include="Script.h" />
    <ClInclude Include="Sensor.h" />
    <ClInclude Include="SensorMgr.h" />
    <ClInclude Include="Shader.h" />
    <ClInclude Include="SimpleMath.h" />
    <ClInclude Include="Sound.h" />
    <ClInclude Include="SpawnScript.h" />
    <ClInclude Include="struct.h" />
    <ClInclude Include="StructuredBuffer.h" />
    <ClInclude Include="Terrain.h" />
    <ClInclude Include="Texture.h" />
    <ClInclude Include="TimeMgr.h" />
    <ClInclude Include="TowerScript.h" />
    <ClInclude Include="Transform.h" />
    <ClInclude Include="BowScript.h">
      <Filter>Script\Bow</Filter>
    </ClInclude>
    <ClInclude Include="CameraScript.h">
      <Filter>Script\Camera</Filter>
    </ClInclude>
    <ClInclude Include="ArrowScript.h">
      <Filter>Script\Arrow</Filter>
    </ClInclude>
    <ClInclude Include="Animator3D.h">
      <Filter>Object\Component\Animation</Filter>
    </ClInclude>
    <ClInclude Include="Animation3D.h">
      <Filter>Object\Component\Animation</Filter>
    </ClInclude>
    <ClInclude Include="Component.h">
      <Filter>Object\Component</Filter>
    </ClInclude>
    <ClInclude Include="CollisionMgr.h">
      <Filter>Mgr</Filter>
    </ClInclude>
    <ClInclude Include="EmptyPlayerScript.h">
      <Filter>Script</Filter>
    </ClInclude>
    <ClInclude Include="ConstantBuffer.h">
      <Filter>Device</Filter>
    </ClInclude>
    <ClInclude Include="Device.h">
      <Filter>Device</Filter>
    </ClInclude>
    <ClInclude Include="define.h">
      <Filter>default</Filter>
    </ClInclude>
    <ClInclude Include="d3dx12.h">
      <Filter>default</Filter>
    </ClInclude>
    <ClInclude Include="Entity.h">
      <Filter>default</Filter>
    </ClInclude>
    <ClInclude Include="EventMgr.h">
      <Filter>Mgr</Filter>
    </ClInclude>
    <ClInclude Include="FBXLoader.h">
      <Filter>Load</Filter>
    </ClInclude>
    <ClInclude Include="Camera.h">
      <Filter>Object\Component\Camera</Filter>
    </ClInclude>
    <ClInclude Include="Frustum.h">
      <Filter>Object\Component\Camera</Filter>
    </ClInclude>
    <ClInclude Include="Collider3D.h">
      <Filter>Object\Component\Collider</Filter>
    </ClInclude>
    <ClInclude Include="Collider2D.h">
      <Filter>Object\Component\Collider</Filter>
    </ClInclude>
    <ClInclude Include="func.h">
      <Filter>default</Filter>
    </ClInclude>
    <ClInclude Include="extern.h">
      <Filter>default</Filter>
    </ClInclude>
    <ClInclude Include="EmptyCameraScript.h">
      <Filter>Script\Camera</Filter>
    </ClInclude>
    <ClInclude Include="StaticUI.h" />
    <ClInclude Include="CrossHairScript.h">
      <Filter>Script</Filter>
    </ClInclude>
  </ItemGroup>
  <ItemGroup>
    <None Include="SimpleMath.inl" />
  </ItemGroup>
  <ItemGroup>
    <Filter Include="FX">
      <UniqueIdentifier>{1458513a-c00d-4226-beb2-eb99ee79e57a}</UniqueIdentifier>
    </Filter>
    <Filter Include="Script">
      <UniqueIdentifier>{9c5b4dcc-c3db-42aa-a529-19c95f021a5b}</UniqueIdentifier>
    </Filter>
    <Filter Include="Object">
      <UniqueIdentifier>{be8df1bd-53ce-43e1-af05-ff4d304b5ce6}</UniqueIdentifier>
    </Filter>
    <Filter Include="Object\Component">
      <UniqueIdentifier>{5b6177b4-c188-4c3d-a2c4-2bf1afb92162}</UniqueIdentifier>
    </Filter>
    <Filter Include="Script\Bow">
      <UniqueIdentifier>{e70d95bc-6abe-4511-acf9-6973395a2daa}</UniqueIdentifier>
    </Filter>
    <Filter Include="Script\Camera">
      <UniqueIdentifier>{8543576b-3cf3-401e-b405-32421fb6d0af}</UniqueIdentifier>
    </Filter>
    <Filter Include="Script\Arrow">
      <UniqueIdentifier>{b7a1d4df-0311-479c-8193-51c61d76f728}</UniqueIdentifier>
    </Filter>
    <Filter Include="Object\Component\Animation">
      <UniqueIdentifier>{676d1a98-780b-4660-b2fa-08fcbc71b648}</UniqueIdentifier>
    </Filter>
    <Filter Include="Mgr">
      <UniqueIdentifier>{fbb07d7c-3e44-4942-acba-ec75ea315925}</UniqueIdentifier>
    </Filter>
    <Filter Include="Device">
      <UniqueIdentifier>{d94c67ff-7187-4d1b-9c5d-14ac7b9e5566}</UniqueIdentifier>
    </Filter>
    <Filter Include="default">
      <UniqueIdentifier>{35277b6c-d868-4da3-88a8-4b9f9c6f4add}</UniqueIdentifier>
    </Filter>
    <Filter Include="Load">
      <UniqueIdentifier>{ec4340cc-8697-48c3-a9f9-2509a66819f0}</UniqueIdentifier>
    </Filter>
    <Filter Include="Object\Component\Camera">
      <UniqueIdentifier>{5cf43b3a-0bbe-4231-b190-f86fa0731c53}</UniqueIdentifier>
    </Filter>
    <Filter Include="Object\Component\Collider">
      <UniqueIdentifier>{3c2caf51-fe8a-42d8-a486-96ee23d6b5e4}</UniqueIdentifier>
    </Filter>
  </ItemGroup>
</Project>