<?xml version="1.0" encoding="utf-8"?>
<Project ToolsVersion="4.0" xmlns="http://schemas.microsoft.com/developer/msbuild/2003">
  <ItemGroup>
    <FxCompile Include="animation.fx">
      <Filter>FX</Filter>
    </FxCompile>
    <FxCompile Include="BillBoard.fx">
      <Filter>FX</Filter>
    </FxCompile>
    <FxCompile Include="compute.fx">
      <Filter>FX</Filter>
    </FxCompile>
    <FxCompile Include="func.fx">
      <Filter>FX</Filter>
    </FxCompile>
    <FxCompile Include="light.fx">
      <Filter>FX</Filter>
    </FxCompile>
    <FxCompile Include="particle.fx">
      <Filter>FX</Filter>
    </FxCompile>
    <FxCompile Include="value.fx">
      <Filter>FX</Filter>
    </FxCompile>
    <FxCompile Include="tool.fx">
      <Filter>FX</Filter>
    </FxCompile>
    <FxCompile Include="terrain.fx">
      <Filter>FX</Filter>
    </FxCompile>
    <FxCompile Include="std3d.fx">
      <Filter>FX</Filter>
    </FxCompile>
    <FxCompile Include="std.fx">
      <Filter>FX</Filter>
    </FxCompile>
    <FxCompile Include="trail.fx">
      <Filter>FX</Filter>
    </FxCompile>
  </ItemGroup>
  <ItemGroup>
    <ClCompile Include="Animation3D.cpp">
      <Filter>Object\Component\Ani</Filter>
    </ClCompile>
    <ClCompile Include="Animator3D.cpp">
      <Filter>Object\Component\Ani</Filter>
    </ClCompile>
    <ClCompile Include="ArrowScript.cpp">
      <Filter>Script\Arrow</Filter>
    </ClCompile>
    <ClCompile Include="BowScript.cpp">
      <Filter>Script\Bow</Filter>
    </ClCompile>
    <ClCompile Include="Camera.cpp">
      <Filter>Object\Component\Camera</Filter>
    </ClCompile>
    <ClCompile Include="CameraScript.cpp">
      <Filter>Script\Camera</Filter>
    </ClCompile>
    <ClCompile Include="Collider2D.cpp">
      <Filter>Object\Component\Collider</Filter>
    </ClCompile>
    <ClCompile Include="Collider3D.cpp">
      <Filter>Object\Component\Collider</Filter>
    </ClCompile>
    <ClCompile Include="Component.cpp">
      <Filter>Object\Component</Filter>
    </ClCompile>
    <ClCompile Include="Device.cpp">
      <Filter>Device</Filter>
    </ClCompile>
    <ClCompile Include="ConstantBuffer.cpp">
      <Filter>Device</Filter>
    </ClCompile>
    <ClCompile Include="CollisionMgr.cpp">
      <Filter>Mgr</Filter>
    </ClCompile>
    <ClCompile Include="CrossHairScript.cpp">
      <Filter>Script\CrossHair</Filter>
    </ClCompile>
    <ClCompile Include="desc.cpp">
      <Filter>Default</Filter>
    </ClCompile>
    <ClCompile Include="EmptyCameraScript.cpp">
      <Filter>Script\EmptyCamera</Filter>
    </ClCompile>
    <ClCompile Include="EmptyPlayerScript.cpp">
      <Filter>Script\EmptyPlayer</Filter>
    </ClCompile>
    <ClCompile Include="EventMgr.cpp">
      <Filter>Mgr</Filter>
    </ClCompile>
    <ClCompile Include="Frustum.cpp">
      <Filter>Object\Component\Camera</Filter>
    </ClCompile>
    <ClCompile Include="func.cpp">
      <Filter>Default</Filter>
    </ClCompile>
    <ClCompile Include="GameFramework.cpp">
      <Filter>FrameWork</Filter>
    </ClCompile>
    <ClCompile Include="Entity.cpp">
      <Filter>Default</Filter>
    </ClCompile>
    <ClCompile Include="GameObject.cpp">
      <Filter>Object</Filter>
    </ClCompile>
    <ClCompile Include="FBXLoader.cpp">
      <Filter>Extern</Filter>
    </ClCompile>
    <ClCompile Include="InstancingBuffer.cpp">
      <Filter>Instance</Filter>
    </ClCompile>
    <ClCompile Include="InstancingMgr.cpp">
      <Filter>Instance</Filter>
    </ClCompile>
    <ClCompile Include="KeyMgr.cpp">
      <Filter>Mgr</Filter>
    </ClCompile>
    <ClCompile Include="Layer.cpp">
      <Filter>Scene</Filter>
    </ClCompile>
    <ClCompile Include="Light2D.cpp">
      <Filter>Object\Component\Light</Filter>
    </ClCompile>
    <ClCompile Include="Light3D.cpp">
      <Filter>Object\Component\Light</Filter>
    </ClCompile>
    <ClCompile Include="LobbyScene.cpp">
      <Filter>Scene\In</Filter>
    </ClCompile>
    <ClCompile Include="LoginScene.cpp">
      <Filter>Scene\In</Filter>
    </ClCompile>
    <ClCompile Include="InGameScene.cpp">
      <Filter>Scene\In</Filter>
    </ClCompile>
    <ClCompile Include="Mesh.cpp">
      <Filter>Resource</Filter>
    </ClCompile>
    <ClCompile Include="MeshData.cpp">
      <Filter>Resource</Filter>
    </ClCompile>
    <ClCompile Include="Material.cpp">
      <Filter>Resource</Filter>
    </ClCompile>
    <ClCompile Include="MRT.cpp">
      <Filter>Render</Filter>
    </ClCompile>
    <ClCompile Include="PathMgr.cpp">
      <Filter>Mgr</Filter>
    </ClCompile>
    <ClCompile Include="MeshRender.cpp">
      <Filter>Object</Filter>
    </ClCompile>
    <ClCompile Include="ParticleSystem.cpp">
      <Filter>Object\Component\Particle</Filter>
    </ClCompile>
    <ClCompile Include="Sensor.cpp">
      <Filter>Object\Component\Sensor</Filter>
    </ClCompile>
    <ClCompile Include="Scene.cpp">
      <Filter>Scene</Filter>
    </ClCompile>
    <ClCompile Include="SceneMgr.cpp">
      <Filter>Scene</Filter>
    </ClCompile>
    <ClCompile Include="pch.cpp">
      <Filter>Default</Filter>
    </ClCompile>
    <ClCompile Include="SimpleMath.cpp">
      <Filter>Default</Filter>
    </ClCompile>
    <ClCompile Include="Script.cpp">
      <Filter>Script</Filter>
    </ClCompile>
    <ClCompile Include="ThunderSkill1Script.cpp">
      <Filter>Script</Filter>
    </ClCompile>
    <ClCompile Include="ThunderSkill0Script.cpp">
      <Filter>Script</Filter>
    </ClCompile>
    <ClCompile Include="TimeMgr.cpp">
      <Filter>Mgr</Filter>
    </ClCompile>
    <ClCompile Include="SkillMgr.cpp">
      <Filter>Mgr</Filter>
    </ClCompile>
    <ClCompile Include="SensorMgr.cpp">
      <Filter>Mgr</Filter>
    </ClCompile>
    <ClCompile Include="RenderMgrInit.cpp">
      <Filter>Render</Filter>
    </ClCompile>
    <ClCompile Include="RenderMgr.cpp">
      <Filter>Render</Filter>
    </ClCompile>
    <ClCompile Include="Texture.cpp">
      <Filter>Resource</Filter>
    </ClCompile>
    <ClCompile Include="Shader.cpp">
      <Filter>Resource</Filter>
    </ClCompile>
    <ClCompile Include="Resource.cpp">
      <Filter>Resource</Filter>
    </ClCompile>
    <ClCompile Include="ResMgr.cpp">
      <Filter>Resource</Filter>
    </ClCompile>
    <ClCompile Include="TitleScene.cpp">
      <Filter>Scene\In</Filter>
    </ClCompile>
    <ClCompile Include="Terrain.cpp">
      <Filter>Object\Component\Terrain</Filter>
    </ClCompile>
    <ClCompile Include="Transform.cpp">
      <Filter>Object\Component\Transform</Filter>
    </ClCompile>
    <ClCompile Include="Sound.cpp">
      <Filter>Resource</Filter>
    </ClCompile>
    <ClCompile Include="MinionScript.cpp">
      <Filter>Script\Minion</Filter>
    </ClCompile>
    <ClCompile Include="PlayerScript.cpp">
      <Filter>Script\Player</Filter>
    </ClCompile>
    <ClCompile Include="ParticleScript.cpp">
      <Filter>Script\Particle</Filter>
    </ClCompile>
    <ClCompile Include="ProjectileScript.cpp">
      <Filter>Script\Projectile</Filter>
    </ClCompile>
    <ClCompile Include="SpawnScript.cpp">
      <Filter>Script\Spawn</Filter>
    </ClCompile>
    <ClCompile Include="StaticUI.cpp">
      <Filter>Script\UI</Filter>
    </ClCompile>
    <ClCompile Include="TowerScript.cpp">
      <Filter>Script\Tower</Filter>
    </ClCompile>
    <ClCompile Include="DarkSkill1Script.cpp">
      <Filter>Thrash</Filter>
    </ClCompile>
    <ClCompile Include="FireSkill0Script.cpp">
      <Filter>Thrash</Filter>
    </ClCompile>
    <ClCompile Include="FireSkill1Script.cpp">
      <Filter>Thrash</Filter>
    </ClCompile>
    <ClCompile Include="StructuredBuffer.cpp">
      <Filter>Thrash</Filter>
    </ClCompile>
    <ClCompile Include="WaterSkill0Script.cpp">
      <Filter>Thrash</Filter>
    </ClCompile>
    <ClCompile Include="WaterSkill1Script.cpp">
      <Filter>Thrash</Filter>
    </ClCompile>
    <ClCompile Include="WindSkill0Script.cpp">
      <Filter>Thrash</Filter>
    </ClCompile>
    <ClCompile Include="WindSkill1Script.cpp">
      <Filter>Thrash</Filter>
    </ClCompile>
    <ClCompile Include="DarkSkill0Script.cpp">
      <Filter>Thrash</Filter>
    </ClCompile>
    <ClCompile Include="imgui.cpp">
      <Filter>IMGUI</Filter>
    </ClCompile>
    <ClCompile Include="imgui_demo.cpp">
      <Filter>IMGUI</Filter>
    </ClCompile>
    <ClCompile Include="imgui_draw.cpp">
      <Filter>IMGUI</Filter>
    </ClCompile>
    <ClCompile Include="imgui_impl_dx12.cpp">
      <Filter>IMGUI</Filter>
    </ClCompile>
    <ClCompile Include="imgui_impl_win32.cpp">
      <Filter>IMGUI</Filter>
    </ClCompile>
    <ClCompile Include="imgui_tables.cpp">
      <Filter>IMGUI</Filter>
    </ClCompile>
    <ClCompile Include="imgui_widgets.cpp">
      <Filter>IMGUI</Filter>
    </ClCompile>
    <ClCompile Include="IMGUIMgr.cpp">
      <Filter>IMGUI\Mgr</Filter>
    </ClCompile>
    <ClCompile Include="Trail.cpp" />
    <ClCompile Include="ButtonScript.cpp">
      <Filter>Script\UI</Filter>
    </ClCompile>
    <ClCompile Include="UIBarScript.cpp">
      <Filter>Script\UI</Filter>
    </ClCompile>
  </ItemGroup>
  <ItemGroup>
    <ClInclude Include="Animator3D.h">
      <Filter>Object\Component\Ani</Filter>
    </ClInclude>
    <ClInclude Include="Animation3D.h">
      <Filter>Object\Component\Ani</Filter>
    </ClInclude>
    <ClInclude Include="ArrowScript.h">
      <Filter>Script\Arrow</Filter>
    </ClInclude>
    <ClInclude Include="BowScript.h">
      <Filter>Script\Bow</Filter>
    </ClInclude>
    <ClInclude Include="Camera.h">
      <Filter>Object\Component\Camera</Filter>
    </ClInclude>
    <ClInclude Include="CameraScript.h">
      <Filter>Script\Camera</Filter>
    </ClInclude>
    <ClInclude Include="Collider3D.h">
      <Filter>Object\Component\Collider</Filter>
    </ClInclude>
    <ClInclude Include="Collider2D.h">
      <Filter>Object\Component\Collider</Filter>
    </ClInclude>
    <ClInclude Include="Component.h">
      <Filter>Object\Component</Filter>
    </ClInclude>
    <ClInclude Include="d3dx12.h">
      <Filter>Default</Filter>
    </ClInclude>
    <ClInclude Include="Device.h">
      <Filter>Device</Filter>
    </ClInclude>
    <ClInclude Include="ConstantBuffer.h">
      <Filter>Device</Filter>
    </ClInclude>
    <ClInclude Include="CollisionMgr.h">
      <Filter>Mgr</Filter>
    </ClInclude>
    <ClInclude Include="CrossHairScript.h">
      <Filter>Script\CrossHair</Filter>
    </ClInclude>
    <ClInclude Include="define.h">
      <Filter>Default</Filter>
    </ClInclude>
    <ClInclude Include="EmptyCameraScript.h">
      <Filter>Script\EmptyCamera</Filter>
    </ClInclude>
    <ClInclude Include="EmptyPlayerScript.h">
      <Filter>Script\EmptyPlayer</Filter>
    </ClInclude>
    <ClInclude Include="EventMgr.h">
      <Filter>Mgr</Filter>
    </ClInclude>
    <ClInclude Include="extern.h">
      <Filter>Default</Filter>
    </ClInclude>
    <ClInclude Include="Frustum.h">
      <Filter>Object\Component\Camera</Filter>
    </ClInclude>
    <ClInclude Include="func.h">
      <Filter>Default</Filter>
    </ClInclude>
    <ClInclude Include="GameFramework.h">
      <Filter>FrameWork</Filter>
    </ClInclude>
    <ClInclude Include="global.h">
      <Filter>Default</Filter>
    </ClInclude>
    <ClInclude Include="Entity.h">
      <Filter>Default</Filter>
    </ClInclude>
    <ClInclude Include="GameObject.h">
      <Filter>Object</Filter>
    </ClInclude>
    <ClInclude Include="FBXLoader.h">
      <Filter>Extern</Filter>
    </ClInclude>
    <ClInclude Include="InstancingMgr.h">
      <Filter>Instance</Filter>
    </ClInclude>
    <ClInclude Include="InstancingBuffer.h">
      <Filter>Instance</Filter>
    </ClInclude>
    <ClInclude Include="KeyMgr.h">
      <Filter>Mgr</Filter>
    </ClInclude>
    <ClInclude Include="Layer.h">
      <Filter>Scene</Filter>
    </ClInclude>
    <ClInclude Include="Light3D.h">
      <Filter>Object\Component\Light</Filter>
    </ClInclude>
    <ClInclude Include="Light2D.h">
      <Filter>Object\Component\Light</Filter>
    </ClInclude>
    <ClInclude Include="LoginScene.h">
      <Filter>Scene\In</Filter>
    </ClInclude>
    <ClInclude Include="LobbyScene.h">
      <Filter>Scene\In</Filter>
    </ClInclude>
    <ClInclude Include="InGameScene.h">
      <Filter>Scene\In</Filter>
    </ClInclude>
    <ClInclude Include="MeshData.h">
      <Filter>Resource</Filter>
    </ClInclude>
    <ClInclude Include="Material.h">
      <Filter>Resource</Filter>
    </ClInclude>
    <ClInclude Include="Mesh.h">
      <Filter>Resource</Filter>
    </ClInclude>
    <ClInclude Include="MRT.h">
      <Filter>Render</Filter>
    </ClInclude>
    <ClInclude Include="PathMgr.h">
      <Filter>Mgr</Filter>
    </ClInclude>
    <ClInclude Include="MeshRender.h">
      <Filter>Object</Filter>
    </ClInclude>
    <ClInclude Include="ParticleSystem.h">
      <Filter>Object\Component\Particle</Filter>
    </ClInclude>
    <ClInclude Include="Sensor.h">
      <Filter>Object\Component\Sensor</Filter>
    </ClInclude>
    <ClInclude Include="SceneMgr.h">
      <Filter>Scene</Filter>
    </ClInclude>
    <ClInclude Include="Scene.h">
      <Filter>Scene</Filter>
    </ClInclude>
    <ClInclude Include="Ptr.h">
      <Filter>Default</Filter>
    </ClInclude>
    <ClInclude Include="pch.h">
      <Filter>Default</Filter>
    </ClInclude>
    <ClInclude Include="SimpleMath.h">
      <Filter>Default</Filter>
    </ClInclude>
    <ClInclude Include="Script.h">
      <Filter>Script</Filter>
    </ClInclude>
    <ClInclude Include="ThunderSkill1Script.h">
      <Filter>Script</Filter>
    </ClInclude>
    <ClInclude Include="ThunderSkill0Script.h">
      <Filter>Script</Filter>
    </ClInclude>
    <ClInclude Include="TimeMgr.h">
      <Filter>Mgr</Filter>
    </ClInclude>
    <ClInclude Include="SkillMgr.h">
      <Filter>Mgr</Filter>
    </ClInclude>
    <ClInclude Include="SensorMgr.h">
      <Filter>Mgr</Filter>
    </ClInclude>
    <ClInclude Include="RenderMgr.h">
      <Filter>Render</Filter>
    </ClInclude>
    <ClInclude Include="Texture.h">
      <Filter>Resource</Filter>
    </ClInclude>
    <ClInclude Include="Shader.h">
      <Filter>Resource</Filter>
    </ClInclude>
    <ClInclude Include="Resource.h">
      <Filter>Resource</Filter>
    </ClInclude>
    <ClInclude Include="ResMgr.h">
      <Filter>Resource</Filter>
    </ClInclude>
    <ClInclude Include="TitleScene.h">
      <Filter>Scene\In</Filter>
    </ClInclude>
    <ClInclude Include="Terrain.h">
      <Filter>Object\Component\Terrain</Filter>
    </ClInclude>
    <ClInclude Include="Transform.h">
      <Filter>Object\Component\Transform</Filter>
    </ClInclude>
    <ClInclude Include="Sound.h">
      <Filter>Resource</Filter>
    </ClInclude>
    <ClInclude Include="MinionScript.h">
      <Filter>Script\Minion</Filter>
    </ClInclude>
    <ClInclude Include="PlayerScript.h">
      <Filter>Script\Player</Filter>
    </ClInclude>
    <ClInclude Include="ParticleScript.h">
      <Filter>Script\Particle</Filter>
    </ClInclude>
    <ClInclude Include="ProjectileScript.h">
      <Filter>Script\Projectile</Filter>
    </ClInclude>
    <ClInclude Include="SpawnScript.h">
      <Filter>Script\Spawn</Filter>
    </ClInclude>
    <ClInclude Include="StaticUI.h">
      <Filter>Script\UI</Filter>
    </ClInclude>
    <ClInclude Include="TowerScript.h">
      <Filter>Script\Tower</Filter>
    </ClInclude>
    <ClInclude Include="WindSkill1Script.h">
      <Filter>Thrash</Filter>
    </ClInclude>
    <ClInclude Include="DarkSkill0Script.h">
      <Filter>Thrash</Filter>
    </ClInclude>
    <ClInclude Include="DarkSkill1Script.h">
      <Filter>Thrash</Filter>
    </ClInclude>
    <ClInclude Include="FireSkill0Script.h">
      <Filter>Thrash</Filter>
    </ClInclude>
    <ClInclude Include="FireSkill1Script.h">
      <Filter>Thrash</Filter>
    </ClInclude>
    <ClInclude Include="StructuredBuffer.h">
      <Filter>Thrash</Filter>
    </ClInclude>
    <ClInclude Include="WaterSkill0Script.h">
      <Filter>Thrash</Filter>
    </ClInclude>
    <ClInclude Include="WaterSkill1Script.h">
      <Filter>Thrash</Filter>
    </ClInclude>
    <ClInclude Include="WindSkill0Script.h">
      <Filter>Thrash</Filter>
    </ClInclude>
    <ClInclude Include="struct.h">
      <Filter>Default</Filter>
    </ClInclude>
    <ClInclude Include="imstb_textedit.h">
      <Filter>IMGUI</Filter>
    </ClInclude>
    <ClInclude Include="imstb_truetype.h">
      <Filter>IMGUI</Filter>
    </ClInclude>
    <ClInclude Include="imconfig.h">
      <Filter>IMGUI</Filter>
    </ClInclude>
    <ClInclude Include="imgui.h">
      <Filter>IMGUI</Filter>
    </ClInclude>
    <ClInclude Include="imgui_impl_dx12.h">
      <Filter>IMGUI</Filter>
    </ClInclude>
    <ClInclude Include="imgui_impl_win32.h">
      <Filter>IMGUI</Filter>
    </ClInclude>
    <ClInclude Include="imgui_internal.h">
      <Filter>IMGUI</Filter>
    </ClInclude>
    <ClInclude Include="imstb_rectpack.h">
      <Filter>IMGUI</Filter>
    </ClInclude>
    <ClInclude Include="IMGUIMgr.h">
      <Filter>IMGUI\Mgr</Filter>
    </ClInclude>
    <ClInclude Include="Trail.h" />
    <ClInclude Include="ButtonScript.h">
      <Filter>Script\UI</Filter>
    </ClInclude>
    <ClInclude Include="UIBarScript.h">
      <Filter>Script\UI</Filter>
    </ClInclude>
  </ItemGroup>
  <ItemGroup>
    <Filter Include="Default">
      <UniqueIdentifier>{64893469-47f6-483b-9ca7-814a94dca949}</UniqueIdentifier>
    </Filter>
    <Filter Include="FX">
      <UniqueIdentifier>{288418df-63c9-4987-9cd2-5365e7be5d4c}</UniqueIdentifier>
    </Filter>
    <Filter Include="Object">
      <UniqueIdentifier>{c354cdb0-a5f5-496b-8f78-7cda1093da63}</UniqueIdentifier>
    </Filter>
    <Filter Include="Object\Component">
      <UniqueIdentifier>{a2ac3cd3-2277-41f3-a8a0-3c678133fc0f}</UniqueIdentifier>
    </Filter>
    <Filter Include="Object\Component\Ani">
      <UniqueIdentifier>{90d395ef-09fb-4996-928a-5bb576a7784c}</UniqueIdentifier>
    </Filter>
    <Filter Include="Script">
      <UniqueIdentifier>{7e342bc8-ff14-4762-91d0-f37e159f7a74}</UniqueIdentifier>
    </Filter>
    <Filter Include="Script\Arrow">
      <UniqueIdentifier>{b9989d9e-2155-4c79-aa0f-17c4f839158f}</UniqueIdentifier>
    </Filter>
    <Filter Include="Script\Bow">
      <UniqueIdentifier>{408472d0-9d23-4cad-90b5-9973eb636f45}</UniqueIdentifier>
    </Filter>
    <Filter Include="Object\Component\Camera">
      <UniqueIdentifier>{03db3833-451e-4618-9002-3678b71ca5cb}</UniqueIdentifier>
    </Filter>
    <Filter Include="Script\Camera">
      <UniqueIdentifier>{3444be27-dd0a-4508-b49d-9a70b207d90d}</UniqueIdentifier>
    </Filter>
    <Filter Include="Object\Component\Collider">
      <UniqueIdentifier>{0ddddf1f-eef7-452a-920d-d53581c40e2a}</UniqueIdentifier>
    </Filter>
    <Filter Include="Device">
      <UniqueIdentifier>{66f9d45b-708a-4148-aaa1-18ef52fba8ca}</UniqueIdentifier>
    </Filter>
    <Filter Include="Mgr">
      <UniqueIdentifier>{75ca20c1-dc0e-41e5-be3b-8474a3706726}</UniqueIdentifier>
    </Filter>
    <Filter Include="Script\CrossHair">
      <UniqueIdentifier>{51e11231-d299-40c7-8ea3-263f9b9f718a}</UniqueIdentifier>
    </Filter>
    <Filter Include="Script\EmptyCamera">
      <UniqueIdentifier>{a1a5db96-f7a7-46a8-a0ec-736b81ae5914}</UniqueIdentifier>
    </Filter>
    <Filter Include="Script\EmptyPlayer">
      <UniqueIdentifier>{18674fdc-c51c-4cae-8eb7-eb1f737f2943}</UniqueIdentifier>
    </Filter>
    <Filter Include="Extern">
      <UniqueIdentifier>{bfaf9227-375a-41a3-90ce-9c9e9c578d4e}</UniqueIdentifier>
    </Filter>
    <Filter Include="FrameWork">
      <UniqueIdentifier>{28f41e5a-8d1a-4e8d-92d0-da1febea7358}</UniqueIdentifier>
    </Filter>
    <Filter Include="Scene">
      <UniqueIdentifier>{244b1921-a04a-4558-aae2-8cfae487f514}</UniqueIdentifier>
    </Filter>
    <Filter Include="Instance">
      <UniqueIdentifier>{ea956b45-8b8d-4caa-9bcf-7718196dd50b}</UniqueIdentifier>
    </Filter>
    <Filter Include="Render">
      <UniqueIdentifier>{52e5b67b-c0be-48ca-b804-d087026999dd}</UniqueIdentifier>
    </Filter>
    <Filter Include="Resource">
      <UniqueIdentifier>{1c232129-fbc3-4157-8a96-c272bdcbc60f}</UniqueIdentifier>
    </Filter>
    <Filter Include="Object\Component\Light">
      <UniqueIdentifier>{688d2424-8c6f-48fa-bfc2-d3547118beff}</UniqueIdentifier>
    </Filter>
    <Filter Include="Scene\In">
      <UniqueIdentifier>{a726bbaa-e923-4df9-bdf2-3accbe6016e3}</UniqueIdentifier>
    </Filter>
    <Filter Include="Object\Component\Particle">
      <UniqueIdentifier>{0142df73-18a1-4944-8ebf-0463a478990b}</UniqueIdentifier>
    </Filter>
    <Filter Include="Object\Component\Sensor">
      <UniqueIdentifier>{ac3eaa4a-1f73-4db6-ad1d-96d1eb6f868d}</UniqueIdentifier>
    </Filter>
    <Filter Include="Object\Component\Terrain">
      <UniqueIdentifier>{80760837-7504-4a1a-8292-0300ba28b37c}</UniqueIdentifier>
    </Filter>
    <Filter Include="Object\Component\Transform">
      <UniqueIdentifier>{a46772bd-b809-418a-82b3-4628ad0873ea}</UniqueIdentifier>
    </Filter>
    <Filter Include="Script\Minion">
      <UniqueIdentifier>{3032b607-002b-4022-9bec-311538fb1547}</UniqueIdentifier>
    </Filter>
    <Filter Include="Script\Player">
      <UniqueIdentifier>{ae16f846-19e5-4f77-abce-22d69fa00264}</UniqueIdentifier>
    </Filter>
    <Filter Include="Script\Particle">
      <UniqueIdentifier>{d8017b45-6935-4f76-8454-b0bae5726875}</UniqueIdentifier>
    </Filter>
    <Filter Include="Script\Projectile">
      <UniqueIdentifier>{22f1e061-ef38-41de-b486-a52724619813}</UniqueIdentifier>
    </Filter>
    <Filter Include="Script\Spawn">
      <UniqueIdentifier>{23e5720a-0978-48c4-9350-a2416b153cb7}</UniqueIdentifier>
    </Filter>
    <Filter Include="Script\Tower">
      <UniqueIdentifier>{8084ae00-8f8d-4d77-bf21-add6ece1c4cb}</UniqueIdentifier>
    </Filter>
    <Filter Include="Thrash">
      <UniqueIdentifier>{1caabe63-1902-4d58-b14e-b02aba15f63d}</UniqueIdentifier>
    </Filter>
    <Filter Include="IMGUI">
      <UniqueIdentifier>{95f2c02b-8b1a-4346-81d1-9271c75b9fbd}</UniqueIdentifier>
    </Filter>
    <Filter Include="IMGUI\Mgr">
      <UniqueIdentifier>{98d75b2a-b3cf-4e97-8948-70230f9835b0}</UniqueIdentifier>
    </Filter>
    <Filter Include="Script\UI">
      <UniqueIdentifier>{3f774511-2923-4dc1-9a6d-048afcbec606}</UniqueIdentifier>
    </Filter>
  </ItemGroup>
  <ItemGroup>
    <None Include="SimpleMath.inl">
      <Filter>Default</Filter>
    </None>
  </ItemGroup>
</Project>