<?xml version="1.0" encoding="utf-8"?>
<Project ToolsVersion="4.0" xmlns="http://schemas.microsoft.com/developer/msbuild/2003">
  <ItemGroup>
    <Filter Include="Device">
      <UniqueIdentifier>{bf809976-7853-4cb0-92aa-b60be16c313e}</UniqueIdentifier>
    </Filter>
    <Filter Include="Header">
      <UniqueIdentifier>{dec040a5-3102-43a7-91f1-c908fb4b12ed}</UniqueIdentifier>
    </Filter>
    <Filter Include="ShaderCode">
      <UniqueIdentifier>{45867d64-9470-4e6e-8863-30818d0ce7cf}</UniqueIdentifier>
    </Filter>
    <Filter Include="Resource">
      <UniqueIdentifier>{f6923fd3-e440-45be-853f-7922a6a25de0}</UniqueIdentifier>
    </Filter>
    <Filter Include="Manager">
      <UniqueIdentifier>{61162d44-c51b-4411-be13-f130bc7c81c2}</UniqueIdentifier>
    </Filter>
    <Filter Include="Manager\Scene">
      <UniqueIdentifier>{28c98dd9-903c-4b13-9a97-29d460239598}</UniqueIdentifier>
    </Filter>
    <Filter Include="Rendering">
      <UniqueIdentifier>{35ae05de-edc1-4f80-987a-fa68660c0e97}</UniqueIdentifier>
    </Filter>
    <Filter Include="GameObject">
      <UniqueIdentifier>{0efa0d4b-6bfc-46b1-b6d2-3d0b19a27463}</UniqueIdentifier>
    </Filter>
    <Filter Include="GameObject\Component">
      <UniqueIdentifier>{5d402490-e40f-42d7-83b9-d8274c895a33}</UniqueIdentifier>
    </Filter>
    <Filter Include="GameObject\Component\Animator">
      <UniqueIdentifier>{54ce98a6-101a-41d9-b851-d7e868bb0dea}</UniqueIdentifier>
    </Filter>
    <Filter Include="GameObject\Component\Camera">
      <UniqueIdentifier>{20d7de10-ee24-43f1-9be5-fce87b9f06c6}</UniqueIdentifier>
    </Filter>
    <Filter Include="Framework">
      <UniqueIdentifier>{3bee2439-bfcc-4a2f-aa21-97462ed2a451}</UniqueIdentifier>
    </Filter>
    <Filter Include="Script">
      <UniqueIdentifier>{50a670fa-2863-4635-be27-b7206f3a726b}</UniqueIdentifier>
    </Filter>
    <Filter Include="Module">
      <UniqueIdentifier>{4487a743-0350-4dce-81bb-7061327f4215}</UniqueIdentifier>
    </Filter>
    <Filter Include="Rendering\MRT">
      <UniqueIdentifier>{ae0769df-3bcb-48f0-9c34-4a75e4f27ed5}</UniqueIdentifier>
    </Filter>
    <Filter Include="Manager\RES">
      <UniqueIdentifier>{c97aec6a-3b20-45d7-ab1b-d01e6c373dbc}</UniqueIdentifier>
    </Filter>
    <Filter Include="Manager\Instancing">
      <UniqueIdentifier>{bc079f43-8b96-44f0-be44-27a29624abd9}</UniqueIdentifier>
    </Filter>
    <Filter Include="Manager\Mouse">
      <UniqueIdentifier>{75383397-87fa-4c3d-a399-329861585f33}</UniqueIdentifier>
    </Filter>
    <Filter Include="Default">
      <UniqueIdentifier>{0bc2544b-47c9-4f64-8507-80922ee2f94d}</UniqueIdentifier>
    </Filter>
    <Filter Include="Script\Arrow">
      <UniqueIdentifier>{e23e784b-bbc3-4157-af68-dc0db9c90e88}</UniqueIdentifier>
    </Filter>
    <Filter Include="Script\Minion">
      <UniqueIdentifier>{06d43ace-832a-40b1-a124-cd7556d85abd}</UniqueIdentifier>
    </Filter>
    <Filter Include="Script\Player">
      <UniqueIdentifier>{c17ff28d-7747-47ce-8fd2-5c294fc04b71}</UniqueIdentifier>
    </Filter>
    <Filter Include="Script\Cam">
      <UniqueIdentifier>{b33d7921-deac-41d3-aabb-c646a3f7afd4}</UniqueIdentifier>
    </Filter>
    <Filter Include="GameObject\Component\Terrain">
      <UniqueIdentifier>{84247d70-f99f-4f79-852d-78d0fbb6f0e2}</UniqueIdentifier>
    </Filter>
  </ItemGroup>
  <ItemGroup>
    <ClInclude Include="pch.h">
      <Filter>Default</Filter>
    </ClInclude>
    <ClInclude Include="Device.h">
      <Filter>Device</Filter>
    </ClInclude>
    <ClInclude Include="SimpleMath.h">
      <Filter>Default</Filter>
    </ClInclude>
    <ClInclude Include="d3dx12.h">
      <Filter>Header</Filter>
    </ClInclude>
    <ClInclude Include="ConstantBuffer.h">
      <Filter>Device</Filter>
    </ClInclude>
    <ClInclude Include="Entity.h">
      <Filter>Default</Filter>
    </ClInclude>
    <ClInclude Include="global.h">
      <Filter>Header</Filter>
    </ClInclude>
    <ClInclude Include="define.h">
      <Filter>Header</Filter>
    </ClInclude>
    <ClInclude Include="struct.h">
      <Filter>Header</Filter>
    </ClInclude>
    <ClInclude Include="func.h">
      <Filter>Header</Filter>
    </ClInclude>
    <ClInclude Include="Texture.h">
      <Filter>Resource</Filter>
    </ClInclude>
    <ClInclude Include="Resource.h">
      <Filter>Resource</Filter>
    </ClInclude>
    <ClInclude Include="Ptr.h">
      <Filter>Resource</Filter>
    </ClInclude>
    <ClInclude Include="Shader.h">
      <Filter>Resource</Filter>
    </ClInclude>
    <ClInclude Include="Material.h">
      <Filter>Resource</Filter>
    </ClInclude>
    <ClInclude Include="Mesh.h">
      <Filter>Resource</Filter>
    </ClInclude>
    <ClInclude Include="Sound.h">
      <Filter>Resource</Filter>
    </ClInclude>
    <ClInclude Include="TimeMgr.h">
      <Filter>Manager</Filter>
    </ClInclude>
    <ClInclude Include="CollisionMgr.h">
      <Filter>Manager</Filter>
    </ClInclude>
    <ClInclude Include="EventMgr.h">
      <Filter>Manager</Filter>
    </ClInclude>
    <ClInclude Include="KeyMgr.h">
      <Filter>Manager</Filter>
    </ClInclude>
    <ClInclude Include="PathMgr.h">
      <Filter>Manager</Filter>
    </ClInclude>
    <ClInclude Include="SceneMgr.h">
      <Filter>Manager\Scene</Filter>
    </ClInclude>
    <ClInclude Include="Layer.h">
      <Filter>Manager\Scene</Filter>
    </ClInclude>
    <ClInclude Include="Scene.h">
      <Filter>Manager\Scene</Filter>
    </ClInclude>
    <ClInclude Include="RenderMgr.h">
      <Filter>Rendering</Filter>
    </ClInclude>
    <ClInclude Include="GameObject.h">
      <Filter>GameObject</Filter>
    </ClInclude>
    <ClInclude Include="Transform.h">
      <Filter>GameObject\Component</Filter>
    </ClInclude>
    <ClInclude Include="Component.h">
      <Filter>GameObject\Component</Filter>
    </ClInclude>
    <ClInclude Include="Collider2D.h">
      <Filter>GameObject\Component</Filter>
    </ClInclude>
    <ClInclude Include="Light2D.h">
      <Filter>GameObject\Component</Filter>
    </ClInclude>
    <ClInclude Include="Light3D.h">
      <Filter>GameObject\Component</Filter>
    </ClInclude>
    <ClInclude Include="MeshRender.h">
      <Filter>GameObject\Component</Filter>
    </ClInclude>
    <ClInclude Include="Script.h">
      <Filter>GameObject\Component</Filter>
    </ClInclude>
    <ClInclude Include="Frustum.h">
      <Filter>GameObject\Component\Camera</Filter>
    </ClInclude>
    <ClInclude Include="Camera.h">
      <Filter>GameObject\Component\Camera</Filter>
    </ClInclude>
    <ClInclude Include="Animator2D.h">
      <Filter>GameObject\Component\Animator</Filter>
    </ClInclude>
    <ClInclude Include="Animation2D.h">
      <Filter>GameObject\Component\Animator</Filter>
    </ClInclude>
    <ClInclude Include="GameFramework.h">
      <Filter>Framework</Filter>
    </ClInclude>
    <ClInclude Include="MonsterScript.h">
      <Filter>Script</Filter>
    </ClInclude>
    <ClInclude Include="extern.h">
      <Filter>Header</Filter>
    </ClInclude>
    <ClInclude Include="FBXLoader.h">
      <Filter>Module</Filter>
    </ClInclude>
    <ClInclude Include="MeshData.h">
      <Filter>Resource</Filter>
    </ClInclude>
    <ClInclude Include="Animator3D.h">
      <Filter>GameObject\Component\Animator</Filter>
    </ClInclude>
    <ClInclude Include="MRT.h">
      <Filter>Rendering\MRT</Filter>
    </ClInclude>
    <ClInclude Include="ResMgr.h">
      <Filter>Manager\RES</Filter>
    </ClInclude>
    <ClInclude Include="ParticleSystem.h">
      <Filter>GameObject\Component</Filter>
    </ClInclude>
    <ClInclude Include="StructuredBuffer.h">
      <Filter>Device</Filter>
    </ClInclude>
    <ClInclude Include="InstancingMgr.h">
      <Filter>Manager\Instancing</Filter>
    </ClInclude>
    <ClInclude Include="InstancingBuffer.h">
      <Filter>Manager\Instancing</Filter>
    </ClInclude>
    <ClInclude Include="Collider3D.h">
      <Filter>GameObject\Component</Filter>
    </ClInclude>
    <ClInclude Include="ArrowScript.h">
      <Filter>Script\Arrow</Filter>
    </ClInclude>
    <ClInclude Include="CMinionScript.h">
      <Filter>Script\Minion</Filter>
    </ClInclude>
    <ClInclude Include="PlayerScript.h">
      <Filter>Script\Player</Filter>
    </ClInclude>
    <ClInclude Include="CameraScript.h">
      <Filter>Script\Cam</Filter>
    </ClInclude>
    <ClInclude Include="Terrain.h">
      <Filter>GameObject\Component\Terrain</Filter>
    </ClInclude>
  </ItemGroup>
  <ItemGroup>
    <ClCompile Include="Device.cpp">
      <Filter>Device</Filter>
    </ClCompile>
    <ClCompile Include="SimpleMath.cpp">
      <Filter>Default</Filter>
    </ClCompile>
    <ClCompile Include="ConstantBuffer.cpp">
      <Filter>Device</Filter>
    </ClCompile>
    <ClCompile Include="Entity.cpp">
      <Filter>Default</Filter>
    </ClCompile>
    <ClCompile Include="pch.cpp">
      <Filter>Default</Filter>
    </ClCompile>
    <ClCompile Include="desc.cpp">
      <Filter>Default</Filter>
    </ClCompile>
    <ClCompile Include="Texture.cpp">
      <Filter>Resource</Filter>
    </ClCompile>
    <ClCompile Include="Resource.cpp">
      <Filter>Resource</Filter>
    </ClCompile>
    <ClCompile Include="Shader.cpp">
      <Filter>Resource</Filter>
    </ClCompile>
    <ClCompile Include="Material.cpp">
      <Filter>Resource</Filter>
    </ClCompile>
    <ClCompile Include="Mesh.cpp">
      <Filter>Resource</Filter>
    </ClCompile>
    <ClCompile Include="Sound.cpp">
      <Filter>Resource</Filter>
    </ClCompile>
    <ClCompile Include="CollisionMgr.cpp">
      <Filter>Manager</Filter>
    </ClCompile>
    <ClCompile Include="EventMgr.cpp">
      <Filter>Manager</Filter>
    </ClCompile>
    <ClCompile Include="KeyMgr.cpp">
      <Filter>Manager</Filter>
    </ClCompile>
    <ClCompile Include="PathMgr.cpp">
      <Filter>Manager</Filter>
    </ClCompile>
    <ClCompile Include="TimeMgr.cpp">
      <Filter>Manager</Filter>
    </ClCompile>
    <ClCompile Include="SceneMgr.cpp">
      <Filter>Manager\Scene</Filter>
    </ClCompile>
    <ClCompile Include="Layer.cpp">
      <Filter>Manager\Scene</Filter>
    </ClCompile>
    <ClCompile Include="Scene.cpp">
      <Filter>Manager\Scene</Filter>
    </ClCompile>
    <ClCompile Include="RenderMgr.cpp">
      <Filter>Rendering</Filter>
    </ClCompile>
    <ClCompile Include="RenderMgrInit.cpp">
      <Filter>Rendering</Filter>
    </ClCompile>
    <ClCompile Include="GameObject.cpp">
      <Filter>GameObject</Filter>
    </ClCompile>
    <ClCompile Include="Component.cpp">
      <Filter>GameObject\Component</Filter>
    </ClCompile>
    <ClCompile Include="Transform.cpp">
      <Filter>GameObject\Component</Filter>
    </ClCompile>
    <ClCompile Include="Collider2D.cpp">
      <Filter>GameObject\Component</Filter>
    </ClCompile>
    <ClCompile Include="Light2D.cpp">
      <Filter>GameObject\Component</Filter>
    </ClCompile>
    <ClCompile Include="Light3D.cpp">
      <Filter>GameObject\Component</Filter>
    </ClCompile>
    <ClCompile Include="MeshRender.cpp">
      <Filter>GameObject\Component</Filter>
    </ClCompile>
    <ClCompile Include="Script.cpp">
      <Filter>GameObject\Component</Filter>
    </ClCompile>
    <ClCompile Include="Camera.cpp">
      <Filter>GameObject\Component\Camera</Filter>
    </ClCompile>
    <ClCompile Include="Frustum.cpp">
      <Filter>GameObject\Component\Camera</Filter>
    </ClCompile>
    <ClCompile Include="Animator2D.cpp">
      <Filter>GameObject\Component\Animator</Filter>
    </ClCompile>
    <ClCompile Include="Animation2D.cpp">
      <Filter>GameObject\Component\Animator</Filter>
    </ClCompile>
    <ClCompile Include="GameFramework.cpp">
      <Filter>Framework</Filter>
    </ClCompile>
    <ClCompile Include="func.cpp">
      <Filter>Default</Filter>
    </ClCompile>
    <ClCompile Include="MonsterScript.cpp">
      <Filter>Script</Filter>
    </ClCompile>
    <ClCompile Include="FBXLoader.cpp">
      <Filter>Module</Filter>
    </ClCompile>
    <ClCompile Include="MeshData.cpp">
      <Filter>Resource</Filter>
    </ClCompile>
    <ClCompile Include="Animator3D.cpp">
      <Filter>GameObject\Component\Animator</Filter>
    </ClCompile>
    <ClCompile Include="MRT.cpp">
      <Filter>Rendering\MRT</Filter>
    </ClCompile>
    <ClCompile Include="ResMgr.cpp">
      <Filter>Manager\RES</Filter>
    </ClCompile>
    <ClCompile Include="ParticleSystem.cpp">
      <Filter>GameObject\Component</Filter>
    </ClCompile>
    <ClCompile Include="StructuredBuffer.cpp">
      <Filter>Device</Filter>
    </ClCompile>
    <ClCompile Include="InstancingBuffer.cpp">
      <Filter>Manager\Instancing</Filter>
    </ClCompile>
    <ClCompile Include="InstancingMgr.cpp">
      <Filter>Manager\Instancing</Filter>
    </ClCompile>
    <ClCompile Include="Collider3D.cpp">
      <Filter>GameObject\Component</Filter>
    </ClCompile>
    <ClCompile Include="ArrowScript.cpp">
      <Filter>Script\Arrow</Filter>
    </ClCompile>
    <ClCompile Include="CMinionScript.cpp">
      <Filter>Script\Minion</Filter>
    </ClCompile>
    <ClCompile Include="PlayerScript.cpp">
      <Filter>Script\Player</Filter>
    </ClCompile>
    <ClCompile Include="CameraScript.cpp">
      <Filter>Script\Cam</Filter>
    </ClCompile>
    <ClCompile Include="Terrain.cpp">
      <Filter>GameObject\Component\Terrain</Filter>
    </ClCompile>
  </ItemGroup>
  <ItemGroup>
    <None Include="SimpleMath.inl">
      <Filter>Default</Filter>
    </None>
  </ItemGroup>
  <ItemGroup>
    <FxCompile Include="func.fx">
      <Filter>ShaderCode</Filter>
    </FxCompile>
    <FxCompile Include="std3d.fx">
      <Filter>ShaderCode</Filter>
    </FxCompile>
    <FxCompile Include="value.fx">
      <Filter>ShaderCode</Filter>
    </FxCompile>
    <FxCompile Include="tool.fx">
      <Filter>ShaderCode</Filter>
    </FxCompile>
    <FxCompile Include="light.fx">
      <Filter>ShaderCode</Filter>
    </FxCompile>
    <FxCompile Include="std.fx">
      <Filter>ShaderCode</Filter>
    </FxCompile>
    <FxCompile Include="compute.fx">
      <Filter>ShaderCode</Filter>
    </FxCompile>
    <FxCompile Include="particle.fx">
      <Filter>ShaderCode</Filter>
    </FxCompile>
    <FxCompile Include="animation.fx">
      <Filter>ShaderCode</Filter>
    </FxCompile>
    <FxCompile Include="BillBoard.fx">
      <Filter>ShaderCode</Filter>
    </FxCompile>
    <FxCompile Include="terrain.fx">
      <Filter>ShaderCode</Filter>
    </FxCompile>
  </ItemGroup>
</Project>